// !$*UTF8*$!
{
	archiveVersion = 1;
	classes = {
	};
	objectVersion = 46;
	objects = {

/* Begin PBXBuildFile section */
		CBF135851BE163DB0089EF6B /* main.m in Sources */ = {isa = PBXBuildFile; fileRef = CBF135841BE163DB0089EF6B /* main.m */; };
		CBF135881BE163DB0089EF6B /* AppDelegate.m in Sources */ = {isa = PBXBuildFile; fileRef = CBF135871BE163DB0089EF6B /* AppDelegate.m */; };
		CBF1358B1BE163DB0089EF6B /* ViewController.m in Sources */ = {isa = PBXBuildFile; fileRef = CBF1358A1BE163DB0089EF6B /* ViewController.m */; };
		CBF1358E1BE163DB0089EF6B /* Main.storyboard in Resources */ = {isa = PBXBuildFile; fileRef = CBF1358C1BE163DB0089EF6B /* Main.storyboard */; };
		CBF135901BE163DB0089EF6B /* Assets.xcassets in Resources */ = {isa = PBXBuildFile; fileRef = CBF1358F1BE163DB0089EF6B /* Assets.xcassets */; };
		CBF135931BE163DB0089EF6B /* LaunchScreen.storyboard in Resources */ = {isa = PBXBuildFile; fileRef = CBF135911BE163DB0089EF6B /* LaunchScreen.storyboard */; };
/* End PBXBuildFile section */

/* Begin PBXFileReference section */
		CBF135801BE163DB0089EF6B /* Reward Me.app */ = {isa = PBXFileReference; explicitFileType = wrapper.application; includeInIndex = 0; path = "Reward Me.app"; sourceTree = BUILT_PRODUCTS_DIR; };
		CBF135841BE163DB0089EF6B /* main.m */ = {isa = PBXFileReference; lastKnownFileType = sourcecode.c.objc; path = main.m; sourceTree = "<group>"; };
		CBF135861BE163DB0089EF6B /* AppDelegate.h */ = {isa = PBXFileReference; lastKnownFileType = sourcecode.c.h; path = AppDelegate.h; sourceTree = "<group>"; };
		CBF135871BE163DB0089EF6B /* AppDelegate.m */ = {isa = PBXFileReference; lastKnownFileType = sourcecode.c.objc; path = AppDelegate.m; sourceTree = "<group>"; };
		CBF135891BE163DB0089EF6B /* ViewController.h */ = {isa = PBXFileReference; lastKnownFileType = sourcecode.c.h; path = ViewController.h; sourceTree = "<group>"; };
		CBF1358A1BE163DB0089EF6B /* ViewController.m */ = {isa = PBXFileReference; lastKnownFileType = sourcecode.c.objc; path = ViewController.m; sourceTree = "<group>"; };
		CBF1358D1BE163DB0089EF6B /* Base */ = {isa = PBXFileReference; lastKnownFileType = file.storyboard; name = Base; path = Base.lproj/Main.storyboard; sourceTree = "<group>"; };
		CBF1358F1BE163DB0089EF6B /* Assets.xcassets */ = {isa = PBXFileReference; lastKnownFileType = folder.assetcatalog; path = Assets.xcassets; sourceTree = "<group>"; };
		CBF135921BE163DB0089EF6B /* Base */ = {isa = PBXFileReference; lastKnownFileType = file.storyboard; name = Base; path = Base.lproj/LaunchScreen.storyboard; sourceTree = "<group>"; };
		CBF135941BE163DB0089EF6B /* Info.plist */ = {isa = PBXFileReference; lastKnownFileType = text.plist.xml; path = Info.plist; sourceTree = "<group>"; };
/* End PBXFileReference section */

/* Begin PBXFrameworksBuildPhase section */
		CBF1357D1BE163DB0089EF6B /* Frameworks */ = {
			isa = PBXFrameworksBuildPhase;
			buildActionMask = 2147483647;
			files = (
			);
			runOnlyForDeploymentPostprocessing = 0;
		};
/* End PBXFrameworksBuildPhase section */

/* Begin PBXGroup section */
		CBF135771BE163DB0089EF6B = {
			isa = PBXGroup;
			children = (
				CBF135821BE163DB0089EF6B /* Reward Me */,
				CBF135811BE163DB0089EF6B /* Products */,
			);
			sourceTree = "<group>";
		};
		CBF135811BE163DB0089EF6B /* Products */ = {
			isa = PBXGroup;
			children = (
				CBF135801BE163DB0089EF6B /* Reward Me.app */,
			);
			name = Products;
			sourceTree = "<group>";
		};
		CBF135821BE163DB0089EF6B /* Reward Me */ = {
			isa = PBXGroup;
			children = (
				CBF135861BE163DB0089EF6B /* AppDelegate.h */,
				CBF135871BE163DB0089EF6B /* AppDelegate.m */,
				CBF135891BE163DB0089EF6B /* ViewController.h */,
				CBF1358A1BE163DB0089EF6B /* ViewController.m */,
				CBF1358C1BE163DB0089EF6B /* Main.storyboard */,
				CBF1358F1BE163DB0089EF6B /* Assets.xcassets */,
				CBF135911BE163DB0089EF6B /* LaunchScreen.storyboard */,
				CBF135941BE163DB0089EF6B /* Info.plist */,
				CBF135831BE163DB0089EF6B /* Supporting Files */,
			);
			path = "Reward Me";
			sourceTree = "<group>";
		};
		CBF135831BE163DB0089EF6B /* Supporting Files */ = {
			isa = PBXGroup;
			children = (
				CBF135841BE163DB0089EF6B /* main.m */,
			);
			name = "Supporting Files";
			sourceTree = "<group>";
		};
/* End PBXGroup section */

/* Begin PBXNativeTarget section */
		CBF1357F1BE163DB0089EF6B /* Reward Me */ = {
			isa = PBXNativeTarget;
			buildConfigurationList = CBF135971BE163DB0089EF6B /* Build configuration list for PBXNativeTarget "Reward Me" */;
			buildPhases = (
				CBF1357C1BE163DB0089EF6B /* Sources */,
				CBF1357D1BE163DB0089EF6B /* Frameworks */,
				CBF1357E1BE163DB0089EF6B /* Resources */,
			);
			buildRules = (
			);
			dependencies = (
			);
			name = "Reward Me";
			productName = "Reward Me";
			productReference = CBF135801BE163DB0089EF6B /* Reward Me.app */;
			productType = "com.apple.product-type.application";
		};
/* End PBXNativeTarget section */

/* Begin PBXProject section */
		CBF135781BE163DB0089EF6B /* Project object */ = {
			isa = PBXProject;
			attributes = {
				LastUpgradeCheck = 0710;
				ORGANIZATIONNAME = "Kody O'Connell";
				TargetAttributes = {
					CBF1357F1BE163DB0089EF6B = {
						CreatedOnToolsVersion = 7.1;
					};
				};
			};
			buildConfigurationList = CBF1357B1BE163DB0089EF6B /* Build configuration list for PBXProject "Reward Me" */;
			compatibilityVersion = "Xcode 3.2";
			developmentRegion = English;
			hasScannedForEncodings = 0;
			knownRegions = (
				en,
				Base,
			);
			mainGroup = CBF135771BE163DB0089EF6B;
			productRefGroup = CBF135811BE163DB0089EF6B /* Products */;
			projectDirPath = "";
			projectRoot = "";
			targets = (
				CBF1357F1BE163DB0089EF6B /* Reward Me */,
			);
		};
/* End PBXProject section */

/* Begin PBXResourcesBuildPhase section */
		CBF1357E1BE163DB0089EF6B /* Resources */ = {
			isa = PBXResourcesBuildPhase;
			buildActionMask = 2147483647;
			files = (
				CBF135931BE163DB0089EF6B /* LaunchScreen.storyboard in Resources */,
				CBF135901BE163DB0089EF6B /* Assets.xcassets in Resources */,
				CBF1358E1BE163DB0089EF6B /* Main.storyboard in Resources */,
			);
			runOnlyForDeploymentPostprocessing = 0;
		};
/* End PBXResourcesBuildPhase section */

/* Begin PBXSourcesBuildPhase section */
		CBF1357C1BE163DB0089EF6B /* Sources */ = {
			isa = PBXSourcesBuildPhase;
			buildActionMask = 2147483647;
			files = (
				CBF1358B1BE163DB0089EF6B /* ViewController.m in Sources */,
				CBF135881BE163DB0089EF6B /* AppDelegate.m in Sources */,
				CBF135851BE163DB0089EF6B /* main.m in Sources */,
			);
			runOnlyForDeploymentPostprocessing = 0;
		};
/* End PBXSourcesBuildPhase section */

/* Begin PBXVariantGroup section */
		CBF1358C1BE163DB0089EF6B /* Main.storyboard */ = {
			isa = PBXVariantGroup;
			children = (
				CBF1358D1BE163DB0089EF6B /* Base */,
			);
			name = Main.storyboard;
			sourceTree = "<group>";
		};
		CBF135911BE163DB0089EF6B /* LaunchScreen.storyboard */ = {
			isa = PBXVariantGroup;
			children = (
				CBF135921BE163DB0089EF6B /* Base */,
			);
			name = LaunchScreen.storyboard;
			sourceTree = "<group>";
		};
/* End PBXVariantGroup section */

/* Begin XCBuildConfiguration section */
		CBF135951BE163DB0089EF6B /* Debug */ = {
			isa = XCBuildConfiguration;
			buildSettings = {
				ALWAYS_SEARCH_USER_PATHS = NO;
				CLANG_CXX_LANGUAGE_STANDARD = "gnu++0x";
				CLANG_CXX_LIBRARY = "libc++";
				CLANG_ENABLE_MODULES = YES;
				CLANG_ENABLE_OBJC_ARC = YES;
				CLANG_WARN_BOOL_CONVERSION = YES;
				CLANG_WARN_CONSTANT_CONVERSION = YES;
				CLANG_WARN_DIRECT_OBJC_ISA_USAGE = YES_ERROR;
				CLANG_WARN_EMPTY_BODY = YES;
				CLANG_WARN_ENUM_CONVERSION = YES;
				CLANG_WARN_INT_CONVERSION = YES;
				CLANG_WARN_OBJC_ROOT_CLASS = YES_ERROR;
				CLANG_WARN_UNREACHABLE_CODE = YES;
				CLANG_WARN__DUPLICATE_METHOD_MATCH = YES;
				"CODE_SIGN_IDENTITY[sdk=iphoneos*]" = "iPhone Developer";
				COPY_PHASE_STRIP = NO;
				DEBUG_INFORMATION_FORMAT = dwarf;
				ENABLE_STRICT_OBJC_MSGSEND = YES;
				ENABLE_TESTABILITY = YES;
				GCC_C_LANGUAGE_STANDARD = gnu99;
				GCC_DYNAMIC_NO_PIC = NO;
				GCC_NO_COMMON_BLOCKS = YES;
				GCC_OPTIMIZATION_LEVEL = 0;
				GCC_PREPROCESSOR_DEFINITIONS = (
					"DEBUG=1",
					"$(inherited)",
				);
				GCC_WARN_64_TO_32_BIT_CONVERSION = YES;
				GCC_WARN_ABOUT_RETURN_TYPE = YES_ERROR;
				GCC_WARN_UNDECLARED_SELECTOR = YES;
				GCC_WARN_UNINITIALIZED_AUTOS = YES_AGGRESSIVE;
				GCC_WARN_UNUSED_FUNCTION = YES;
				GCC_WARN_UNUSED_VARIABLE = YES;
				IPHONEOS_DEPLOYMENT_TARGET = 9.1;
				MTL_ENABLE_DEBUG_INFO = YES;
				ONLY_ACTIVE_ARCH = YES;
				SDKROOT = iphoneos;
			};
			name = Debug;
		};
		CBF135961BE163DB0089EF6B /* Release */ = {
			isa = XCBuildConfiguration;
			buildSettings = {
				ALWAYS_SEARCH_USER_PATHS = NO;
				CLANG_CXX_LANGUAGE_STANDARD = "gnu++0x";
				CLANG_CXX_LIBRARY = "libc++";
				CLANG_ENABLE_MODULES = YES;
				CLANG_ENABLE_OBJC_ARC = YES;
				CLANG_WARN_BOOL_CONVERSION = YES;
				CLANG_WARN_CONSTANT_CONVERSION = YES;
				CLANG_WARN_DIRECT_OBJC_ISA_USAGE = YES_ERROR;
				CLANG_WARN_EMPTY_BODY = YES;
				CLANG_WARN_ENUM_CONVERSION = YES;
				CLANG_WARN_INT_CONVERSION = YES;
				CLANG_WARN_OBJC_ROOT_CLASS = YES_ERROR;
				CLANG_WARN_UNREACHABLE_CODE = YES;
				CLANG_WARN__DUPLICATE_METHOD_MATCH = YES;
				"CODE_SIGN_IDENTITY[sdk=iphoneos*]" = "iPhone Developer";
				COPY_PHASE_STRIP = NO;
				DEBUG_INFORMATION_FORMAT = "dwarf-with-dsym";
				ENABLE_NS_ASSERTIONS = NO;
				ENABLE_STRICT_OBJC_MSGSEND = YES;
				GCC_C_LANGUAGE_STANDARD = gnu99;
				GCC_NO_COMMON_BLOCKS = YES;
				GCC_WARN_64_TO_32_BIT_CONVERSION = YES;
				GCC_WARN_ABOUT_RETURN_TYPE = YES_ERROR;
				GCC_WARN_UNDECLARED_SELECTOR = YES;
				GCC_WARN_UNINITIALIZED_AUTOS = YES_AGGRESSIVE;
				GCC_WARN_UNUSED_FUNCTION = YES;
				GCC_WARN_UNUSED_VARIABLE = YES;
				IPHONEOS_DEPLOYMENT_TARGET = 9.1;
				MTL_ENABLE_DEBUG_INFO = NO;
				SDKROOT = iphoneos;
				VALIDATE_PRODUCT = YES;
			};
			name = Release;
		};
		CBF135981BE163DB0089EF6B /* Debug */ = {
			isa = XCBuildConfiguration;
			buildSettings = {
				ASSETCATALOG_COMPILER_APPICON_NAME = AppIcon;
				INFOPLIST_FILE = "Reward Me/Info.plist";
				LD_RUNPATH_SEARCH_PATHS = "$(inherited) @executable_path/Frameworks";
				PRODUCT_BUNDLE_IDENTIFIER = "timelincoln.Reward-Me";
				PRODUCT_NAME = "$(TARGET_NAME)";
			};
			name = Debug;
		};
		CBF135991BE163DB0089EF6B /* Release */ = {
			isa = XCBuildConfiguration;
			buildSettings = {
				ASSETCATALOG_COMPILER_APPICON_NAME = AppIcon;
				INFOPLIST_FILE = "Reward Me/Info.plist";
				LD_RUNPATH_SEARCH_PATHS = "$(inherited) @executable_path/Frameworks";
				PRODUCT_BUNDLE_IDENTIFIER = "timelincoln.Reward-Me";
				PRODUCT_NAME = "$(TARGET_NAME)";
			};
			name = Release;
		};
/* End XCBuildConfiguration section */

/* Begin XCConfigurationList section */
		CBF1357B1BE163DB0089EF6B /* Build configuration list for PBXProject "Reward Me" */ = {
			isa = XCConfigurationList;
			buildConfigurations = (
				CBF135951BE163DB0089EF6B /* Debug */,
				CBF135961BE163DB0089EF6B /* Release */,
			);
			defaultConfigurationIsVisible = 0;
			defaultConfigurationName = Release;
		};
		CBF135971BE163DB0089EF6B /* Build configuration list for PBXNativeTarget "Reward Me" */ = {
			isa = XCConfigurationList;
			buildConfigurations = (
				CBF135981BE163DB0089EF6B /* Debug */,
				CBF135991BE163DB0089EF6B /* Release */,
			);
			defaultConfigurationIsVisible = 0;
		};
/* End XCConfigurationList section */
	};
	rootObject = CBF135781BE163DB0089EF6B /* Project object */;
}
